// !$*UTF8*$!
{
	archiveVersion = 1;
	classes = {
	};
	objectVersion = 52;
	objects = {

/* Begin PBXBuildFile section */
		784A0E16261A97610092284B /* Color Extension.swift in Sources */ = {isa = PBXBuildFile; fileRef = 784A0E15261A97610092284B /* Color Extension.swift */; };
		784A0E1C261B6E8E0092284B /* SettingsView.swift in Sources */ = {isa = PBXBuildFile; fileRef = 784A0E1B261B6E8E0092284B /* SettingsView.swift */; };
		7887ADDD2625056900D9FC21 /* ProfileTabView.swift in Sources */ = {isa = PBXBuildFile; fileRef = 7887ADDC2625056900D9FC21 /* ProfileTabView.swift */; };
		7887ADE2262513E600D9FC21 /* RegisterUsernameView.swift in Sources */ = {isa = PBXBuildFile; fileRef = 7887ADE1262513E600D9FC21 /* RegisterUsernameView.swift */; };
		7887ADE62625141500D9FC21 /* FullNameRegisterView.swift in Sources */ = {isa = PBXBuildFile; fileRef = 7887ADE52625141500D9FC21 /* FullNameRegisterView.swift */; };
		788C7B532619676300E0C54C /* GoogleService-Info.plist in Resources */ = {isa = PBXBuildFile; fileRef = 788C7B522619676200E0C54C /* GoogleService-Info.plist */; };
		788C7B57261A2A3100E0C54C /* HomeScreenViewModel.swift in Sources */ = {isa = PBXBuildFile; fileRef = 788C7B56261A2A3100E0C54C /* HomeScreenViewModel.swift */; };
		788C7B5A261A725C00E0C54C /* CustomTabBar.swift in Sources */ = {isa = PBXBuildFile; fileRef = 788C7B59261A725C00E0C54C /* CustomTabBar.swift */; };
		788C7B5D261A7C2000E0C54C /* TabView.swift in Sources */ = {isa = PBXBuildFile; fileRef = 788C7B5C261A7C2000E0C54C /* TabView.swift */; };
		789FC2C72617DA700021616B /* TopSecretApp.swift in Sources */ = {isa = PBXBuildFile; fileRef = 789FC2C62617DA700021616B /* TopSecretApp.swift */; };
		789FC2C92617DA700021616B /* ContentView.swift in Sources */ = {isa = PBXBuildFile; fileRef = 789FC2C82617DA700021616B /* ContentView.swift */; };
		789FC2CB2617DA720021616B /* Assets.xcassets in Resources */ = {isa = PBXBuildFile; fileRef = 789FC2CA2617DA720021616B /* Assets.xcassets */; };
		789FC2CE2617DA720021616B /* Preview Assets.xcassets in Resources */ = {isa = PBXBuildFile; fileRef = 789FC2CD2617DA720021616B /* Preview Assets.xcassets */; };
		789FC2E32617DCC80021616B /* FirebaseFirestore in Frameworks */ = {isa = PBXBuildFile; productRef = 789FC2E22617DCC80021616B /* FirebaseFirestore */; };
		789FC2E52617DCC80021616B /* FirebaseDatabase in Frameworks */ = {isa = PBXBuildFile; productRef = 789FC2E42617DCC80021616B /* FirebaseDatabase */; };
		789FC2E72617DCC80021616B /* FirebaseAnalytics in Frameworks */ = {isa = PBXBuildFile; productRef = 789FC2E62617DCC80021616B /* FirebaseAnalytics */; };
		789FC2E92617DCC80021616B /* FirebaseStorage in Frameworks */ = {isa = PBXBuildFile; productRef = 789FC2E82617DCC80021616B /* FirebaseStorage */; };
		789FC2EB2617DCC80021616B /* FirebaseFunctions in Frameworks */ = {isa = PBXBuildFile; productRef = 789FC2EA2617DCC80021616B /* FirebaseFunctions */; };
		789FC2ED2617DCC80021616B /* FirebaseAuth in Frameworks */ = {isa = PBXBuildFile; productRef = 789FC2EC2617DCC80021616B /* FirebaseAuth */; };
		789FC2EF2617DCC80021616B /* FirebaseMessaging in Frameworks */ = {isa = PBXBuildFile; productRef = 789FC2EE2617DCC80021616B /* FirebaseMessaging */; };
		789FC2F22617DDF40021616B /* LoginView.swift in Sources */ = {isa = PBXBuildFile; fileRef = 789FC2F12617DDF40021616B /* LoginView.swift */; };
		789FC2F52617E9C00021616B /* RegisterView.swift in Sources */ = {isa = PBXBuildFile; fileRef = 789FC2F42617E9C00021616B /* RegisterView.swift */; };
		789FC2F82618B9FC0021616B /* UserModel.swift in Sources */ = {isa = PBXBuildFile; fileRef = 789FC2F72618B9FC0021616B /* UserModel.swift */; };
		789FC2FB2618BACF0021616B /* UserAuthViewModel.swift in Sources */ = {isa = PBXBuildFile; fileRef = 789FC2FA2618BACF0021616B /* UserAuthViewModel.swift */; };
		789FC2FF2618BB080021616B /* Constants.swift in Sources */ = {isa = PBXBuildFile; fileRef = 789FC2FE2618BB080021616B /* Constants.swift */; };
		789FC3032618C24B0021616B /* HomeScreenView.swift in Sources */ = {isa = PBXBuildFile; fileRef = 789FC3022618C24B0021616B /* HomeScreenView.swift */; };
/* End PBXBuildFile section */

/* Begin PBXFileReference section */
		784A0E15261A97610092284B /* Color Extension.swift */ = {isa = PBXFileReference; lastKnownFileType = sourcecode.swift; path = "Color Extension.swift"; sourceTree = "<group>"; };
		784A0E1B261B6E8E0092284B /* SettingsView.swift */ = {isa = PBXFileReference; lastKnownFileType = sourcecode.swift; path = SettingsView.swift; sourceTree = "<group>"; };
		7887ADDC2625056900D9FC21 /* ProfileTabView.swift */ = {isa = PBXFileReference; lastKnownFileType = sourcecode.swift; path = ProfileTabView.swift; sourceTree = "<group>"; };
		7887ADE1262513E600D9FC21 /* RegisterUsernameView.swift */ = {isa = PBXFileReference; lastKnownFileType = sourcecode.swift; path = RegisterUsernameView.swift; sourceTree = "<group>"; };
		7887ADE52625141500D9FC21 /* FullNameRegisterView.swift */ = {isa = PBXFileReference; lastKnownFileType = sourcecode.swift; path = FullNameRegisterView.swift; sourceTree = "<group>"; };
		788C7B522619676200E0C54C /* GoogleService-Info.plist */ = {isa = PBXFileReference; fileEncoding = 4; lastKnownFileType = text.plist.xml; name = "GoogleService-Info.plist"; path = "../../GoogleService-Info.plist"; sourceTree = "<group>"; };
		788C7B56261A2A3100E0C54C /* HomeScreenViewModel.swift */ = {isa = PBXFileReference; lastKnownFileType = sourcecode.swift; path = HomeScreenViewModel.swift; sourceTree = "<group>"; };
		788C7B59261A725C00E0C54C /* CustomTabBar.swift */ = {isa = PBXFileReference; lastKnownFileType = sourcecode.swift; path = CustomTabBar.swift; sourceTree = "<group>"; };
		788C7B5C261A7C2000E0C54C /* TabView.swift */ = {isa = PBXFileReference; lastKnownFileType = sourcecode.swift; path = TabView.swift; sourceTree = "<group>"; };
		789FC2C32617DA700021616B /* TopSecret.app */ = {isa = PBXFileReference; explicitFileType = wrapper.application; includeInIndex = 0; path = TopSecret.app; sourceTree = BUILT_PRODUCTS_DIR; };
		789FC2C62617DA700021616B /* TopSecretApp.swift */ = {isa = PBXFileReference; lastKnownFileType = sourcecode.swift; path = TopSecretApp.swift; sourceTree = "<group>"; };
		789FC2C82617DA700021616B /* ContentView.swift */ = {isa = PBXFileReference; lastKnownFileType = sourcecode.swift; path = ContentView.swift; sourceTree = "<group>"; };
		789FC2CA2617DA720021616B /* Assets.xcassets */ = {isa = PBXFileReference; lastKnownFileType = folder.assetcatalog; path = Assets.xcassets; sourceTree = "<group>"; };
		789FC2CD2617DA720021616B /* Preview Assets.xcassets */ = {isa = PBXFileReference; lastKnownFileType = folder.assetcatalog; path = "Preview Assets.xcassets"; sourceTree = "<group>"; };
		789FC2CF2617DA720021616B /* Info.plist */ = {isa = PBXFileReference; lastKnownFileType = text.plist.xml; path = Info.plist; sourceTree = "<group>"; };
		789FC2F12617DDF40021616B /* LoginView.swift */ = {isa = PBXFileReference; lastKnownFileType = sourcecode.swift; path = LoginView.swift; sourceTree = "<group>"; };
		789FC2F42617E9C00021616B /* RegisterView.swift */ = {isa = PBXFileReference; lastKnownFileType = sourcecode.swift; path = RegisterView.swift; sourceTree = "<group>"; };
		789FC2F72618B9FC0021616B /* UserModel.swift */ = {isa = PBXFileReference; lastKnownFileType = sourcecode.swift; path = UserModel.swift; sourceTree = "<group>"; };
		789FC2FA2618BACF0021616B /* UserAuthViewModel.swift */ = {isa = PBXFileReference; lastKnownFileType = sourcecode.swift; path = UserAuthViewModel.swift; sourceTree = "<group>"; };
		789FC2FE2618BB080021616B /* Constants.swift */ = {isa = PBXFileReference; lastKnownFileType = sourcecode.swift; path = Constants.swift; sourceTree = "<group>"; };
		789FC3022618C24B0021616B /* HomeScreenView.swift */ = {isa = PBXFileReference; lastKnownFileType = sourcecode.swift; path = HomeScreenView.swift; sourceTree = "<group>"; };
/* End PBXFileReference section */

/* Begin PBXFrameworksBuildPhase section */
		789FC2C02617DA700021616B /* Frameworks */ = {
			isa = PBXFrameworksBuildPhase;
			buildActionMask = 2147483647;
			files = (
				789FC2E52617DCC80021616B /* FirebaseDatabase in Frameworks */,
				789FC2ED2617DCC80021616B /* FirebaseAuth in Frameworks */,
				789FC2EF2617DCC80021616B /* FirebaseMessaging in Frameworks */,
				789FC2E92617DCC80021616B /* FirebaseStorage in Frameworks */,
				789FC2EB2617DCC80021616B /* FirebaseFunctions in Frameworks */,
				789FC2E32617DCC80021616B /* FirebaseFirestore in Frameworks */,
				789FC2E72617DCC80021616B /* FirebaseAnalytics in Frameworks */,
			);
			runOnlyForDeploymentPostprocessing = 0;
		};
/* End PBXFrameworksBuildPhase section */

/* Begin PBXGroup section */
		7887ADDB262504F900D9FC21 /* TabViews */ = {
			isa = PBXGroup;
			children = (
				789FC3022618C24B0021616B /* HomeScreenView.swift */,
				784A0E1B261B6E8E0092284B /* SettingsView.swift */,
				788C7B5C261A7C2000E0C54C /* TabView.swift */,
				7887ADDC2625056900D9FC21 /* ProfileTabView.swift */,
			);
			path = TabViews;
			sourceTree = "<group>";
		};
		7887ADE0262513C600D9FC21 /* Register */ = {
			isa = PBXGroup;
			children = (
				789FC2F42617E9C00021616B /* RegisterView.swift */,
				7887ADE1262513E600D9FC21 /* RegisterUsernameView.swift */,
				7887ADE52625141500D9FC21 /* FullNameRegisterView.swift */,
			);
			path = Register;
			sourceTree = "<group>";
		};
		789FC2BA2617DA700021616B = {
			isa = PBXGroup;
			children = (
				789FC2C52617DA700021616B /* TopSecret */,
				789FC2C42617DA700021616B /* Products */,
			);
			sourceTree = "<group>";
		};
		789FC2C42617DA700021616B /* Products */ = {
			isa = PBXGroup;
			children = (
				789FC2C32617DA700021616B /* TopSecret.app */,
			);
			name = Products;
			sourceTree = "<group>";
		};
		789FC2C52617DA700021616B /* TopSecret */ = {
			isa = PBXGroup;
			children = (
				789FC2FD2618BAF50021616B /* Utilities */,
				789FC2C62617DA700021616B /* TopSecretApp.swift */,
				789FC2D82617DA910021616B /* ViewModel */,
				789FC2D72617DA8B0021616B /* Model */,
				789FC2D62617DA840021616B /* View */,
				789FC2CA2617DA720021616B /* Assets.xcassets */,
				789FC2CF2617DA720021616B /* Info.plist */,
				788C7B522619676200E0C54C /* GoogleService-Info.plist */,
				789FC2CC2617DA720021616B /* Preview Content */,
			);
			path = TopSecret;
			sourceTree = "<group>";
		};
		789FC2CC2617DA720021616B /* Preview Content */ = {
			isa = PBXGroup;
			children = (
				789FC2CD2617DA720021616B /* Preview Assets.xcassets */,
			);
			path = "Preview Content";
			sourceTree = "<group>";
		};
		789FC2D62617DA840021616B /* View */ = {
			isa = PBXGroup;
			children = (
				7887ADE0262513C600D9FC21 /* Register */,
				7887ADDB262504F900D9FC21 /* TabViews */,
				789FC2C82617DA700021616B /* ContentView.swift */,
				789FC2F12617DDF40021616B /* LoginView.swift */,
			);
			path = View;
			sourceTree = "<group>";
		};
		789FC2D72617DA8B0021616B /* Model */ = {
			isa = PBXGroup;
			children = (
				789FC2F72618B9FC0021616B /* UserModel.swift */,
			);
			path = Model;
			sourceTree = "<group>";
		};
		789FC2D82617DA910021616B /* ViewModel */ = {
			isa = PBXGroup;
			children = (
				789FC2FA2618BACF0021616B /* UserAuthViewModel.swift */,
				788C7B56261A2A3100E0C54C /* HomeScreenViewModel.swift */,
			);
			path = ViewModel;
			sourceTree = "<group>";
		};
		789FC2FD2618BAF50021616B /* Utilities */ = {
			isa = PBXGroup;
			children = (
				789FC2FE2618BB080021616B /* Constants.swift */,
				788C7B59261A725C00E0C54C /* CustomTabBar.swift */,
				784A0E15261A97610092284B /* Color Extension.swift */,
			);
			path = Utilities;
			sourceTree = "<group>";
		};
/* End PBXGroup section */

/* Begin PBXNativeTarget section */
		789FC2C22617DA700021616B /* TopSecret */ = {
			isa = PBXNativeTarget;
			buildConfigurationList = 789FC2D22617DA720021616B /* Build configuration list for PBXNativeTarget "TopSecret" */;
			buildPhases = (
				789FC2BF2617DA700021616B /* Sources */,
				789FC2C02617DA700021616B /* Frameworks */,
				789FC2C12617DA700021616B /* Resources */,
			);
			buildRules = (
			);
			dependencies = (
			);
			name = TopSecret;
			packageProductDependencies = (
				789FC2E22617DCC80021616B /* FirebaseFirestore */,
				789FC2E42617DCC80021616B /* FirebaseDatabase */,
				789FC2E62617DCC80021616B /* FirebaseAnalytics */,
				789FC2E82617DCC80021616B /* FirebaseStorage */,
				789FC2EA2617DCC80021616B /* FirebaseFunctions */,
				789FC2EC2617DCC80021616B /* FirebaseAuth */,
				789FC2EE2617DCC80021616B /* FirebaseMessaging */,
			);
			productName = TopSecret;
			productReference = 789FC2C32617DA700021616B /* TopSecret.app */;
			productType = "com.apple.product-type.application";
		};
/* End PBXNativeTarget section */

/* Begin PBXProject section */
		789FC2BB2617DA700021616B /* Project object */ = {
			isa = PBXProject;
			attributes = {
				LastSwiftUpdateCheck = 1240;
				LastUpgradeCheck = 1240;
				TargetAttributes = {
					789FC2C22617DA700021616B = {
						CreatedOnToolsVersion = 12.4;
					};
				};
			};
			buildConfigurationList = 789FC2BE2617DA700021616B /* Build configuration list for PBXProject "TopSecret" */;
			compatibilityVersion = "Xcode 9.3";
			developmentRegion = en;
			hasScannedForEncodings = 0;
			knownRegions = (
				en,
				Base,
			);
			mainGroup = 789FC2BA2617DA700021616B;
			packageReferences = (
				789FC2E12617DCC80021616B /* XCRemoteSwiftPackageReference "firebase-ios-sdk" */,
			);
			productRefGroup = 789FC2C42617DA700021616B /* Products */;
			projectDirPath = "";
			projectRoot = "";
			targets = (
				789FC2C22617DA700021616B /* TopSecret */,
			);
		};
/* End PBXProject section */

/* Begin PBXResourcesBuildPhase section */
		789FC2C12617DA700021616B /* Resources */ = {
			isa = PBXResourcesBuildPhase;
			buildActionMask = 2147483647;
			files = (
				789FC2CE2617DA720021616B /* Preview Assets.xcassets in Resources */,
				788C7B532619676300E0C54C /* GoogleService-Info.plist in Resources */,
				789FC2CB2617DA720021616B /* Assets.xcassets in Resources */,
			);
			runOnlyForDeploymentPostprocessing = 0;
		};
/* End PBXResourcesBuildPhase section */

/* Begin PBXSourcesBuildPhase section */
		789FC2BF2617DA700021616B /* Sources */ = {
			isa = PBXSourcesBuildPhase;
			buildActionMask = 2147483647;
			files = (
				7887ADDD2625056900D9FC21 /* ProfileTabView.swift in Sources */,
				788C7B5D261A7C2000E0C54C /* TabView.swift in Sources */,
				789FC2F22617DDF40021616B /* LoginView.swift in Sources */,
				788C7B57261A2A3100E0C54C /* HomeScreenViewModel.swift in Sources */,
				789FC2F52617E9C00021616B /* RegisterView.swift in Sources */,
				789FC2C92617DA700021616B /* ContentView.swift in Sources */,
				789FC3032618C24B0021616B /* HomeScreenView.swift in Sources */,
				784A0E1C261B6E8E0092284B /* SettingsView.swift in Sources */,
				789FC2FB2618BACF0021616B /* UserAuthViewModel.swift in Sources */,
				7887ADE62625141500D9FC21 /* FullNameRegisterView.swift in Sources */,
				788C7B5A261A725C00E0C54C /* CustomTabBar.swift in Sources */,
				784A0E16261A97610092284B /* Color Extension.swift in Sources */,
				789FC2FF2618BB080021616B /* Constants.swift in Sources */,
				789FC2F82618B9FC0021616B /* UserModel.swift in Sources */,
				789FC2C72617DA700021616B /* TopSecretApp.swift in Sources */,
				7887ADE2262513E600D9FC21 /* RegisterUsernameView.swift in Sources */,
			);
			runOnlyForDeploymentPostprocessing = 0;
		};
/* End PBXSourcesBuildPhase section */

/* Begin XCBuildConfiguration section */
		789FC2D02617DA720021616B /* Debug */ = {
			isa = XCBuildConfiguration;
			buildSettings = {
				ALWAYS_SEARCH_USER_PATHS = NO;
				CLANG_ANALYZER_NONNULL = YES;
				CLANG_ANALYZER_NUMBER_OBJECT_CONVERSION = YES_AGGRESSIVE;
				CLANG_CXX_LANGUAGE_STANDARD = "gnu++14";
				CLANG_CXX_LIBRARY = "libc++";
				CLANG_ENABLE_MODULES = YES;
				CLANG_ENABLE_OBJC_ARC = YES;
				CLANG_ENABLE_OBJC_WEAK = YES;
				CLANG_WARN_BLOCK_CAPTURE_AUTORELEASING = YES;
				CLANG_WARN_BOOL_CONVERSION = YES;
				CLANG_WARN_COMMA = YES;
				CLANG_WARN_CONSTANT_CONVERSION = YES;
				CLANG_WARN_DEPRECATED_OBJC_IMPLEMENTATIONS = YES;
				CLANG_WARN_DIRECT_OBJC_ISA_USAGE = YES_ERROR;
				CLANG_WARN_DOCUMENTATION_COMMENTS = YES;
				CLANG_WARN_EMPTY_BODY = YES;
				CLANG_WARN_ENUM_CONVERSION = YES;
				CLANG_WARN_INFINITE_RECURSION = YES;
				CLANG_WARN_INT_CONVERSION = YES;
				CLANG_WARN_NON_LITERAL_NULL_CONVERSION = YES;
				CLANG_WARN_OBJC_IMPLICIT_RETAIN_SELF = YES;
				CLANG_WARN_OBJC_LITERAL_CONVERSION = YES;
				CLANG_WARN_OBJC_ROOT_CLASS = YES_ERROR;
				CLANG_WARN_QUOTED_INCLUDE_IN_FRAMEWORK_HEADER = YES;
				CLANG_WARN_RANGE_LOOP_ANALYSIS = YES;
				CLANG_WARN_STRICT_PROTOTYPES = YES;
				CLANG_WARN_SUSPICIOUS_MOVE = YES;
				CLANG_WARN_UNGUARDED_AVAILABILITY = YES_AGGRESSIVE;
				CLANG_WARN_UNREACHABLE_CODE = YES;
				CLANG_WARN__DUPLICATE_METHOD_MATCH = YES;
				COPY_PHASE_STRIP = NO;
				DEBUG_INFORMATION_FORMAT = dwarf;
				ENABLE_STRICT_OBJC_MSGSEND = YES;
				ENABLE_TESTABILITY = YES;
				GCC_C_LANGUAGE_STANDARD = gnu11;
				GCC_DYNAMIC_NO_PIC = NO;
				GCC_NO_COMMON_BLOCKS = YES;
				GCC_OPTIMIZATION_LEVEL = 0;
				GCC_PREPROCESSOR_DEFINITIONS = (
					"DEBUG=1",
					"$(inherited)",
				);
				GCC_WARN_64_TO_32_BIT_CONVERSION = YES;
				GCC_WARN_ABOUT_RETURN_TYPE = YES_ERROR;
				GCC_WARN_UNDECLARED_SELECTOR = YES;
				GCC_WARN_UNINITIALIZED_AUTOS = YES_AGGRESSIVE;
				GCC_WARN_UNUSED_FUNCTION = YES;
				GCC_WARN_UNUSED_VARIABLE = YES;
				IPHONEOS_DEPLOYMENT_TARGET = 14.4;
				MTL_ENABLE_DEBUG_INFO = INCLUDE_SOURCE;
				MTL_FAST_MATH = YES;
				ONLY_ACTIVE_ARCH = YES;
				SDKROOT = iphoneos;
				SWIFT_ACTIVE_COMPILATION_CONDITIONS = DEBUG;
				SWIFT_OPTIMIZATION_LEVEL = "-Onone";
			};
			name = Debug;
		};
		789FC2D12617DA720021616B /* Release */ = {
			isa = XCBuildConfiguration;
			buildSettings = {
				ALWAYS_SEARCH_USER_PATHS = NO;
				CLANG_ANALYZER_NONNULL = YES;
				CLANG_ANALYZER_NUMBER_OBJECT_CONVERSION = YES_AGGRESSIVE;
				CLANG_CXX_LANGUAGE_STANDARD = "gnu++14";
				CLANG_CXX_LIBRARY = "libc++";
				CLANG_ENABLE_MODULES = YES;
				CLANG_ENABLE_OBJC_ARC = YES;
				CLANG_ENABLE_OBJC_WEAK = YES;
				CLANG_WARN_BLOCK_CAPTURE_AUTORELEASING = YES;
				CLANG_WARN_BOOL_CONVERSION = YES;
				CLANG_WARN_COMMA = YES;
				CLANG_WARN_CONSTANT_CONVERSION = YES;
				CLANG_WARN_DEPRECATED_OBJC_IMPLEMENTATIONS = YES;
				CLANG_WARN_DIRECT_OBJC_ISA_USAGE = YES_ERROR;
				CLANG_WARN_DOCUMENTATION_COMMENTS = YES;
				CLANG_WARN_EMPTY_BODY = YES;
				CLANG_WARN_ENUM_CONVERSION = YES;
				CLANG_WARN_INFINITE_RECURSION = YES;
				CLANG_WARN_INT_CONVERSION = YES;
				CLANG_WARN_NON_LITERAL_NULL_CONVERSION = YES;
				CLANG_WARN_OBJC_IMPLICIT_RETAIN_SELF = YES;
				CLANG_WARN_OBJC_LITERAL_CONVERSION = YES;
				CLANG_WARN_OBJC_ROOT_CLASS = YES_ERROR;
				CLANG_WARN_QUOTED_INCLUDE_IN_FRAMEWORK_HEADER = YES;
				CLANG_WARN_RANGE_LOOP_ANALYSIS = YES;
				CLANG_WARN_STRICT_PROTOTYPES = YES;
				CLANG_WARN_SUSPICIOUS_MOVE = YES;
				CLANG_WARN_UNGUARDED_AVAILABILITY = YES_AGGRESSIVE;
				CLANG_WARN_UNREACHABLE_CODE = YES;
				CLANG_WARN__DUPLICATE_METHOD_MATCH = YES;
				COPY_PHASE_STRIP = NO;
				DEBUG_INFORMATION_FORMAT = "dwarf-with-dsym";
				ENABLE_NS_ASSERTIONS = NO;
				ENABLE_STRICT_OBJC_MSGSEND = YES;
				GCC_C_LANGUAGE_STANDARD = gnu11;
				GCC_NO_COMMON_BLOCKS = YES;
				GCC_WARN_64_TO_32_BIT_CONVERSION = YES;
				GCC_WARN_ABOUT_RETURN_TYPE = YES_ERROR;
				GCC_WARN_UNDECLARED_SELECTOR = YES;
				GCC_WARN_UNINITIALIZED_AUTOS = YES_AGGRESSIVE;
				GCC_WARN_UNUSED_FUNCTION = YES;
				GCC_WARN_UNUSED_VARIABLE = YES;
				IPHONEOS_DEPLOYMENT_TARGET = 14.4;
				MTL_ENABLE_DEBUG_INFO = NO;
				MTL_FAST_MATH = YES;
				SDKROOT = iphoneos;
				SWIFT_COMPILATION_MODE = wholemodule;
				SWIFT_OPTIMIZATION_LEVEL = "-O";
				VALIDATE_PRODUCT = YES;
			};
			name = Release;
		};
		789FC2D32617DA720021616B /* Debug */ = {
			isa = XCBuildConfiguration;
			buildSettings = {
				ASSETCATALOG_COMPILER_APPICON_NAME = AppIcon;
				ASSETCATALOG_COMPILER_GLOBAL_ACCENT_COLOR_NAME = AccentColor;
				CODE_SIGN_STYLE = Automatic;
				DEVELOPMENT_ASSET_PATHS = "\"TopSecret/Preview Content\"";
				ENABLE_PREVIEWS = YES;
				INFOPLIST_FILE = TopSecret/Info.plist;
				IPHONEOS_DEPLOYMENT_TARGET = 14.0;
				LD_RUNPATH_SEARCH_PATHS = (
					"$(inherited)",
					"@executable_path/Frameworks",
				);
				PRODUCT_BUNDLE_IDENTIFIER = bruceblake.TopSecret;
				PRODUCT_NAME = "$(TARGET_NAME)";
				SWIFT_VERSION = 5.0;
				TARGETED_DEVICE_FAMILY = "1,2";
			};
			name = Debug;
		};
		789FC2D42617DA720021616B /* Release */ = {
			isa = XCBuildConfiguration;
			buildSettings = {
				ASSETCATALOG_COMPILER_APPICON_NAME = AppIcon;
				ASSETCATALOG_COMPILER_GLOBAL_ACCENT_COLOR_NAME = AccentColor;
				CODE_SIGN_STYLE = Automatic;
				DEVELOPMENT_ASSET_PATHS = "\"TopSecret/Preview Content\"";
				ENABLE_PREVIEWS = YES;
				INFOPLIST_FILE = TopSecret/Info.plist;
				IPHONEOS_DEPLOYMENT_TARGET = 14.0;
				LD_RUNPATH_SEARCH_PATHS = (
					"$(inherited)",
					"@executable_path/Frameworks",
				);
				PRODUCT_BUNDLE_IDENTIFIER = bruceblake.TopSecret;
				PRODUCT_NAME = "$(TARGET_NAME)";
				SWIFT_VERSION = 5.0;
				TARGETED_DEVICE_FAMILY = "1,2";
			};
			name = Release;
		};
/* End XCBuildConfiguration section */

/* Begin XCConfigurationList section */
		789FC2BE2617DA700021616B /* Build configuration list for PBXProject "TopSecret" */ = {
			isa = XCConfigurationList;
			buildConfigurations = (
				789FC2D02617DA720021616B /* Debug */,
				789FC2D12617DA720021616B /* Release */,
			);
			defaultConfigurationIsVisible = 0;
			defaultConfigurationName = Release;
		};
		789FC2D22617DA720021616B /* Build configuration list for PBXNativeTarget "TopSecret" */ = {
			isa = XCConfigurationList;
			buildConfigurations = (
				789FC2D32617DA720021616B /* Debug */,
				789FC2D42617DA720021616B /* Release */,
			);
			defaultConfigurationIsVisible = 0;
			defaultConfigurationName = Release;
		};
/* End XCConfigurationList section */

/* Begin XCRemoteSwiftPackageReference section */
		789FC2E12617DCC80021616B /* XCRemoteSwiftPackageReference "firebase-ios-sdk" */ = {
			isa = XCRemoteSwiftPackageReference;
			repositoryURL = "https://github.com/firebase/firebase-ios-sdk.git";
			requirement = {
				kind = upToNextMajorVersion;
				minimumVersion = 7.9.1;
			};
		};
/* End XCRemoteSwiftPackageReference section */

/* Begin XCSwiftPackageProductDependency section */
		789FC2E22617DCC80021616B /* FirebaseFirestore */ = {
			isa = XCSwiftPackageProductDependency;
			package = 789FC2E12617DCC80021616B /* XCRemoteSwiftPackageReference "firebase-ios-sdk" */;
			productName = FirebaseFirestore;
		};
		789FC2E42617DCC80021616B /* FirebaseDatabase */ = {
			isa = XCSwiftPackageProductDependency;
			package = 789FC2E12617DCC80021616B /* XCRemoteSwiftPackageReference "firebase-ios-sdk" */;
			productName = FirebaseDatabase;
		};
		789FC2E62617DCC80021616B /* FirebaseAnalytics */ = {
			isa = XCSwiftPackageProductDependency;
			package = 789FC2E12617DCC80021616B /* XCRemoteSwiftPackageReference "firebase-ios-sdk" */;
			productName = FirebaseAnalytics;
		};
		789FC2E82617DCC80021616B /* FirebaseStorage */ = {
			isa = XCSwiftPackageProductDependency;
			package = 789FC2E12617DCC80021616B /* XCRemoteSwiftPackageReference "firebase-ios-sdk" */;
			productName = FirebaseStorage;
		};
		789FC2EA2617DCC80021616B /* FirebaseFunctions */ = {
			isa = XCSwiftPackageProductDependency;
			package = 789FC2E12617DCC80021616B /* XCRemoteSwiftPackageReference "firebase-ios-sdk" */;
			productName = FirebaseFunctions;
		};
		789FC2EC2617DCC80021616B /* FirebaseAuth */ = {
			isa = XCSwiftPackageProductDependency;
			package = 789FC2E12617DCC80021616B /* XCRemoteSwiftPackageReference "firebase-ios-sdk" */;
			productName = FirebaseAuth;
		};
		789FC2EE2617DCC80021616B /* FirebaseMessaging */ = {
			isa = XCSwiftPackageProductDependency;
			package = 789FC2E12617DCC80021616B /* XCRemoteSwiftPackageReference "firebase-ios-sdk" */;
			productName = FirebaseMessaging;
		};
/* End XCSwiftPackageProductDependency section */
	};
	rootObject = 789FC2BB2617DA700021616B /* Project object */;
}
