// !$*UTF8*$!
{
	archiveVersion = 1;
	classes = {
	};
	objectVersion = 54;
	objects = {

/* Begin PBXBuildFile section */
		6290119C267BE56D00A226EF /* Preview Assets.xcassets in Resources */ = {isa = PBXBuildFile; fileRef = 789FC2CD2617DA720021616B /* Preview Assets.xcassets */; };
		629710FA26E563E400A90E61 /* FullScreenPostView.swift in Sources */ = {isa = PBXBuildFile; fileRef = 629710F926E563E400A90E61 /* FullScreenPostView.swift */; };
		629710FC26E5662E00A90E61 /* PostViewFilterOptions.swift in Sources */ = {isa = PBXBuildFile; fileRef = 629710FB26E5662E00A90E61 /* PostViewFilterOptions.swift */; };
		629710FE26E567C300A90E61 /* UploadPostViewModel.swift in Sources */ = {isa = PBXBuildFile; fileRef = 629710FD26E567C300A90E61 /* UploadPostViewModel.swift */; };
		6297110026E5681500A90E61 /* HomeScreenViewModel.swift in Sources */ = {isa = PBXBuildFile; fileRef = 629710FF26E5681500A90E61 /* HomeScreenViewModel.swift */; };
		6297110226E5688C00A90E61 /* TextArea.swift in Sources */ = {isa = PBXBuildFile; fileRef = 6297110126E5688C00A90E61 /* TextArea.swift */; };
		6297110526E6CB7000A90E61 /* KeyboardReadable.swift in Sources */ = {isa = PBXBuildFile; fileRef = 6297110426E6CB7000A90E61 /* KeyboardReadable.swift */; };
		62CE5ADA26DEE44E00AE6ACC /* VotingView.swift in Sources */ = {isa = PBXBuildFile; fileRef = 62CE5AD926DEE44E00AE6ACC /* VotingView.swift */; };
		62CE5ADC26DEE45600AE6ACC /* EventView.swift in Sources */ = {isa = PBXBuildFile; fileRef = 62CE5ADB26DEE45600AE6ACC /* EventView.swift */; };
		62CE5ADE26DEE46000AE6ACC /* AddContentView.swift in Sources */ = {isa = PBXBuildFile; fileRef = 62CE5ADD26DEE46000AE6ACC /* AddContentView.swift */; };
		62CE5AE226DEE48600AE6ACC /* HomeScreenView.swift in Sources */ = {isa = PBXBuildFile; fileRef = 62CE5AE126DEE48600AE6ACC /* HomeScreenView.swift */; };
		62CE5AE426DEE62300AE6ACC /* GoogleService-Info.plist in Resources */ = {isa = PBXBuildFile; fileRef = 62CE5AE326DEE62300AE6ACC /* GoogleService-Info.plist */; };
		789FC2C72617DA700021616B /* TopSecretApp.swift in Sources */ = {isa = PBXBuildFile; fileRef = 789FC2C62617DA700021616B /* TopSecretApp.swift */; };
		789FC2CB2617DA720021616B /* Assets.xcassets in Resources */ = {isa = PBXBuildFile; fileRef = 789FC2CA2617DA720021616B /* Assets.xcassets */; };
		789FC2E32617DCC80021616B /* FirebaseFirestore in Frameworks */ = {isa = PBXBuildFile; productRef = 789FC2E22617DCC80021616B /* FirebaseFirestore */; };
		789FC2E52617DCC80021616B /* FirebaseDatabase in Frameworks */ = {isa = PBXBuildFile; productRef = 789FC2E42617DCC80021616B /* FirebaseDatabase */; };
		789FC2E72617DCC80021616B /* FirebaseAnalytics in Frameworks */ = {isa = PBXBuildFile; productRef = 789FC2E62617DCC80021616B /* FirebaseAnalytics */; };
		789FC2E92617DCC80021616B /* FirebaseStorage in Frameworks */ = {isa = PBXBuildFile; productRef = 789FC2E82617DCC80021616B /* FirebaseStorage */; };
		789FC2EB2617DCC80021616B /* FirebaseFunctions in Frameworks */ = {isa = PBXBuildFile; productRef = 789FC2EA2617DCC80021616B /* FirebaseFunctions */; };
		789FC2ED2617DCC80021616B /* FirebaseAuth in Frameworks */ = {isa = PBXBuildFile; productRef = 789FC2EC2617DCC80021616B /* FirebaseAuth */; };
		789FC2EF2617DCC80021616B /* FirebaseMessaging in Frameworks */ = {isa = PBXBuildFile; productRef = 789FC2EE2617DCC80021616B /* FirebaseMessaging */; };
		789FC2F82618B9FC0021616B /* UserModel.swift in Sources */ = {isa = PBXBuildFile; fileRef = 789FC2F72618B9FC0021616B /* UserModel.swift */; };
		78A321D926D951390025E37A /* Email-PhoneRegisterCombine.swift in Sources */ = {isa = PBXBuildFile; fileRef = 78A321D826D951390025E37A /* Email-PhoneRegisterCombine.swift */; };
		78A61F0D26B9B79800671021 /* LoginView.swift in Sources */ = {isa = PBXBuildFile; fileRef = 78A61F0C26B9B79800671021 /* LoginView.swift */; };
		78A61F1B26BB12BC00671021 /* CustomTextField.swift in Sources */ = {isa = PBXBuildFile; fileRef = 78A61F1A26BB12BC00671021 /* CustomTextField.swift */; };
		78A61F1E26BB19F700671021 /* RegisterEmailView.swift in Sources */ = {isa = PBXBuildFile; fileRef = 78A61F1D26BB19F700671021 /* RegisterEmailView.swift */; };
		78A61F2526BB1C7C00671021 /* ForgotPasswordView.swift in Sources */ = {isa = PBXBuildFile; fileRef = 78A61F2426BB1C7C00671021 /* ForgotPasswordView.swift */; };
		78B2379526DD159100052E69 /* ContentView.swift in Sources */ = {isa = PBXBuildFile; fileRef = 78B2379426DD159100052E69 /* ContentView.swift */; };
		78B8DD9226CDBCFF00E8FE00 /* UserAuthViewModel.swift in Sources */ = {isa = PBXBuildFile; fileRef = 78B8DD9126CDBCFF00E8FE00 /* UserAuthViewModel.swift */; };
		78B8DD9626CDC08100E8FE00 /* Constants.swift in Sources */ = {isa = PBXBuildFile; fileRef = 78B8DD9526CDC08100E8FE00 /* Constants.swift */; };
		78B8DFED26E4626000C99DAD /* SettingsMenuView.swift in Sources */ = {isa = PBXBuildFile; fileRef = 78B8DFEC26E4626000C99DAD /* SettingsMenuView.swift */; };
		78D1A72126DE98CA0083FE2C /* RegisterPhoneView.swift in Sources */ = {isa = PBXBuildFile; fileRef = 78D1A72026DE98CA0083FE2C /* RegisterPhoneView.swift */; };
		78D1A72626DE9B360083FE2C /* EnterCode.swift in Sources */ = {isa = PBXBuildFile; fileRef = 78D1A72526DE9B360083FE2C /* EnterCode.swift */; };
		78D1A72E26DEA1590083FE2C /* CreateUsername.swift in Sources */ = {isa = PBXBuildFile; fileRef = 78D1A72D26DEA1590083FE2C /* CreateUsername.swift */; };
		78D1A73126DEC3D50083FE2C /* EnterFullName.swift in Sources */ = {isa = PBXBuildFile; fileRef = 78D1A73026DEC3D50083FE2C /* EnterFullName.swift */; };
		78D1A73426DEC56F0083FE2C /* EnterBirthday.swift in Sources */ = {isa = PBXBuildFile; fileRef = 78D1A73326DEC56F0083FE2C /* EnterBirthday.swift */; };
		78D1A73726DEC6050083FE2C /* CreatePassword.swift in Sources */ = {isa = PBXBuildFile; fileRef = 78D1A73626DEC6050083FE2C /* CreatePassword.swift */; };
		78D1A74226DEDF320083FE2C /* MessageListView.swift in Sources */ = {isa = PBXBuildFile; fileRef = 78D1A74126DEDF320083FE2C /* MessageListView.swift */; };
		78D1A74B26DEF08F0083FE2C /* ChatListCell.swift in Sources */ = {isa = PBXBuildFile; fileRef = 78D1A74A26DEF08F0083FE2C /* ChatListCell.swift */; };
		78D1A74E26DEF0BD0083FE2C /* TabToolbarItemView.swift in Sources */ = {isa = PBXBuildFile; fileRef = 78D1A74D26DEF0BD0083FE2C /* TabToolbarItemView.swift */; };
		78D1A75226DEFE370083FE2C /* CreateGroupView.swift in Sources */ = {isa = PBXBuildFile; fileRef = 78D1A75126DEFE370083FE2C /* CreateGroupView.swift */; };
		78D1A75626DEFE4F0083FE2C /* GroupViewModel.swift in Sources */ = {isa = PBXBuildFile; fileRef = 78D1A75526DEFE4F0083FE2C /* GroupViewModel.swift */; };
		78D1A75926DEFE750083FE2C /* GroupModel.swift in Sources */ = {isa = PBXBuildFile; fileRef = 78D1A75826DEFE750083FE2C /* GroupModel.swift */; };
		78D1A75D26DF16D50083FE2C /* ChatView.swift in Sources */ = {isa = PBXBuildFile; fileRef = 78D1A75C26DF16D50083FE2C /* ChatView.swift */; };
/* End PBXBuildFile section */

/* Begin PBXFileReference section */
		629710F926E563E400A90E61 /* FullScreenPostView.swift */ = {isa = PBXFileReference; lastKnownFileType = sourcecode.swift; path = FullScreenPostView.swift; sourceTree = "<group>"; };
		629710FB26E5662E00A90E61 /* PostViewFilterOptions.swift */ = {isa = PBXFileReference; lastKnownFileType = sourcecode.swift; path = PostViewFilterOptions.swift; sourceTree = "<group>"; };
		629710FD26E567C300A90E61 /* UploadPostViewModel.swift */ = {isa = PBXFileReference; lastKnownFileType = sourcecode.swift; path = UploadPostViewModel.swift; sourceTree = "<group>"; };
		629710FF26E5681500A90E61 /* HomeScreenViewModel.swift */ = {isa = PBXFileReference; lastKnownFileType = sourcecode.swift; path = HomeScreenViewModel.swift; sourceTree = "<group>"; };
		6297110126E5688C00A90E61 /* TextArea.swift */ = {isa = PBXFileReference; lastKnownFileType = sourcecode.swift; path = TextArea.swift; sourceTree = "<group>"; };
		6297110426E6CB7000A90E61 /* KeyboardReadable.swift */ = {isa = PBXFileReference; lastKnownFileType = sourcecode.swift; path = KeyboardReadable.swift; sourceTree = "<group>"; };
		62CE5AD926DEE44E00AE6ACC /* VotingView.swift */ = {isa = PBXFileReference; lastKnownFileType = sourcecode.swift; path = VotingView.swift; sourceTree = "<group>"; };
		62CE5ADB26DEE45600AE6ACC /* EventView.swift */ = {isa = PBXFileReference; lastKnownFileType = sourcecode.swift; path = EventView.swift; sourceTree = "<group>"; };
		62CE5ADD26DEE46000AE6ACC /* AddContentView.swift */ = {isa = PBXFileReference; lastKnownFileType = sourcecode.swift; path = AddContentView.swift; sourceTree = "<group>"; };
		62CE5AE126DEE48600AE6ACC /* HomeScreenView.swift */ = {isa = PBXFileReference; lastKnownFileType = sourcecode.swift; path = HomeScreenView.swift; sourceTree = "<group>"; };
		62CE5AE326DEE62300AE6ACC /* GoogleService-Info.plist */ = {isa = PBXFileReference; fileEncoding = 4; lastKnownFileType = text.plist.xml; name = "GoogleService-Info.plist"; path = "../../TopSecret/TopSecret/GoogleService-Info.plist"; sourceTree = "<group>"; };
		789FC2C32617DA700021616B /* TopSecret.app */ = {isa = PBXFileReference; explicitFileType = wrapper.application; includeInIndex = 0; path = TopSecret.app; sourceTree = BUILT_PRODUCTS_DIR; };
		789FC2C62617DA700021616B /* TopSecretApp.swift */ = {isa = PBXFileReference; lastKnownFileType = sourcecode.swift; path = TopSecretApp.swift; sourceTree = "<group>"; };
		789FC2CA2617DA720021616B /* Assets.xcassets */ = {isa = PBXFileReference; lastKnownFileType = folder.assetcatalog; path = Assets.xcassets; sourceTree = "<group>"; };
		789FC2CD2617DA720021616B /* Preview Assets.xcassets */ = {isa = PBXFileReference; lastKnownFileType = folder.assetcatalog; path = "Preview Assets.xcassets"; sourceTree = "<group>"; };
		789FC2CF2617DA720021616B /* Info.plist */ = {isa = PBXFileReference; lastKnownFileType = text.plist.xml; path = Info.plist; sourceTree = "<group>"; };
		789FC2F72618B9FC0021616B /* UserModel.swift */ = {isa = PBXFileReference; lastKnownFileType = sourcecode.swift; path = UserModel.swift; sourceTree = "<group>"; };
		78A321D826D951390025E37A /* Email-PhoneRegisterCombine.swift */ = {isa = PBXFileReference; lastKnownFileType = sourcecode.swift; path = "Email-PhoneRegisterCombine.swift"; sourceTree = "<group>"; };
		78A61F0C26B9B79800671021 /* LoginView.swift */ = {isa = PBXFileReference; lastKnownFileType = sourcecode.swift; path = LoginView.swift; sourceTree = "<group>"; };
		78A61F1A26BB12BC00671021 /* CustomTextField.swift */ = {isa = PBXFileReference; lastKnownFileType = sourcecode.swift; path = CustomTextField.swift; sourceTree = "<group>"; };
		78A61F1D26BB19F700671021 /* RegisterEmailView.swift */ = {isa = PBXFileReference; lastKnownFileType = sourcecode.swift; path = RegisterEmailView.swift; sourceTree = "<group>"; };
		78A61F2426BB1C7C00671021 /* ForgotPasswordView.swift */ = {isa = PBXFileReference; lastKnownFileType = sourcecode.swift; path = ForgotPasswordView.swift; sourceTree = "<group>"; };
		78B2379426DD159100052E69 /* ContentView.swift */ = {isa = PBXFileReference; lastKnownFileType = sourcecode.swift; path = ContentView.swift; sourceTree = "<group>"; };
		78B8DD9126CDBCFF00E8FE00 /* UserAuthViewModel.swift */ = {isa = PBXFileReference; lastKnownFileType = sourcecode.swift; path = UserAuthViewModel.swift; sourceTree = "<group>"; };
		78B8DD9526CDC08100E8FE00 /* Constants.swift */ = {isa = PBXFileReference; lastKnownFileType = sourcecode.swift; path = Constants.swift; sourceTree = "<group>"; };
		78B8DFEC26E4626000C99DAD /* SettingsMenuView.swift */ = {isa = PBXFileReference; lastKnownFileType = sourcecode.swift; path = SettingsMenuView.swift; sourceTree = "<group>"; };
		78D1A72026DE98CA0083FE2C /* RegisterPhoneView.swift */ = {isa = PBXFileReference; lastKnownFileType = sourcecode.swift; path = RegisterPhoneView.swift; sourceTree = "<group>"; };
		78D1A72526DE9B360083FE2C /* EnterCode.swift */ = {isa = PBXFileReference; lastKnownFileType = sourcecode.swift; path = EnterCode.swift; sourceTree = "<group>"; };
		78D1A72D26DEA1590083FE2C /* CreateUsername.swift */ = {isa = PBXFileReference; lastKnownFileType = sourcecode.swift; path = CreateUsername.swift; sourceTree = "<group>"; };
		78D1A73026DEC3D50083FE2C /* EnterFullName.swift */ = {isa = PBXFileReference; lastKnownFileType = sourcecode.swift; path = EnterFullName.swift; sourceTree = "<group>"; };
		78D1A73326DEC56F0083FE2C /* EnterBirthday.swift */ = {isa = PBXFileReference; lastKnownFileType = sourcecode.swift; path = EnterBirthday.swift; sourceTree = "<group>"; };
		78D1A73626DEC6050083FE2C /* CreatePassword.swift */ = {isa = PBXFileReference; lastKnownFileType = sourcecode.swift; path = CreatePassword.swift; sourceTree = "<group>"; };
		78D1A74126DEDF320083FE2C /* MessageListView.swift */ = {isa = PBXFileReference; lastKnownFileType = sourcecode.swift; path = MessageListView.swift; sourceTree = "<group>"; };
		78D1A74A26DEF08F0083FE2C /* ChatListCell.swift */ = {isa = PBXFileReference; lastKnownFileType = sourcecode.swift; path = ChatListCell.swift; sourceTree = "<group>"; };
		78D1A74D26DEF0BD0083FE2C /* TabToolbarItemView.swift */ = {isa = PBXFileReference; lastKnownFileType = sourcecode.swift; path = TabToolbarItemView.swift; sourceTree = "<group>"; };
		78D1A75126DEFE370083FE2C /* CreateGroupView.swift */ = {isa = PBXFileReference; lastKnownFileType = sourcecode.swift; path = CreateGroupView.swift; sourceTree = "<group>"; };
		78D1A75526DEFE4F0083FE2C /* GroupViewModel.swift */ = {isa = PBXFileReference; lastKnownFileType = sourcecode.swift; path = GroupViewModel.swift; sourceTree = "<group>"; };
		78D1A75826DEFE750083FE2C /* GroupModel.swift */ = {isa = PBXFileReference; lastKnownFileType = sourcecode.swift; path = GroupModel.swift; sourceTree = "<group>"; };
		78D1A75C26DF16D50083FE2C /* ChatView.swift */ = {isa = PBXFileReference; lastKnownFileType = sourcecode.swift; path = ChatView.swift; sourceTree = "<group>"; };
/* End PBXFileReference section */

/* Begin PBXFrameworksBuildPhase section */
		789FC2C02617DA700021616B /* Frameworks */ = {
			isa = PBXFrameworksBuildPhase;
			buildActionMask = 2147483647;
			files = (
				789FC2E52617DCC80021616B /* FirebaseDatabase in Frameworks */,
				789FC2ED2617DCC80021616B /* FirebaseAuth in Frameworks */,
				789FC2EF2617DCC80021616B /* FirebaseMessaging in Frameworks */,
				789FC2E92617DCC80021616B /* FirebaseStorage in Frameworks */,
				789FC2EB2617DCC80021616B /* FirebaseFunctions in Frameworks */,
				789FC2E32617DCC80021616B /* FirebaseFirestore in Frameworks */,
				789FC2E72617DCC80021616B /* FirebaseAnalytics in Frameworks */,
			);
			runOnlyForDeploymentPostprocessing = 0;
		};
/* End PBXFrameworksBuildPhase section */

/* Begin PBXGroup section */
		62901199267B747300A226EF /* Views */ = {
			isa = PBXGroup;
			children = (
				78A61F1A26BB12BC00671021 /* CustomTextField.swift */,
				78D1A74D26DEF0BD0083FE2C /* TabToolbarItemView.swift */,
				6297110126E5688C00A90E61 /* TextArea.swift */,
			);
			path = Views;
			sourceTree = "<group>";
		};
		629710F826E560FA00A90E61 /* AddContent */ = {
			isa = PBXGroup;
			children = (
				62CE5ADD26DEE46000AE6ACC /* AddContentView.swift */,
				629710F926E563E400A90E61 /* FullScreenPostView.swift */,
				629710FB26E5662E00A90E61 /* PostViewFilterOptions.swift */,
			);
			path = AddContent;
			sourceTree = "<group>";
		};
		6297110326E6CB6000A90E61 /* Protocols */ = {
			isa = PBXGroup;
			children = (
				6297110426E6CB7000A90E61 /* KeyboardReadable.swift */,
			);
			path = Protocols;
			sourceTree = "<group>";
		};
		62CE5AD826DEE43F00AE6ACC /* Tabs (temp) */ = {
			isa = PBXGroup;
			children = (
				629710F826E560FA00A90E61 /* AddContent */,
				78D1A74026DEDED50083FE2C /* ChatTab */,
				62CE5AD926DEE44E00AE6ACC /* VotingView.swift */,
				62CE5ADB26DEE45600AE6ACC /* EventView.swift */,
				62CE5AE126DEE48600AE6ACC /* HomeScreenView.swift */,
			);
			path = "Tabs (temp)";
			sourceTree = "<group>";
		};
		7887ADEE26267F5C00D9FC21 /* Login */ = {
			isa = PBXGroup;
			children = (
				78A61F0C26B9B79800671021 /* LoginView.swift */,
				78A61F2426BB1C7C00671021 /* ForgotPasswordView.swift */,
			);
			path = Login;
			sourceTree = "<group>";
		};
		789FC2BA2617DA700021616B = {
			isa = PBXGroup;
			children = (
				789FC2C52617DA700021616B /* TopSecret */,
				789FC2C42617DA700021616B /* Products */,
			);
			sourceTree = "<group>";
		};
		789FC2C42617DA700021616B /* Products */ = {
			isa = PBXGroup;
			children = (
				789FC2C32617DA700021616B /* TopSecret.app */,
			);
			name = Products;
			sourceTree = "<group>";
		};
		789FC2C52617DA700021616B /* TopSecret */ = {
			isa = PBXGroup;
			children = (
				789FC2FD2618BAF50021616B /* Utilities */,
				789FC2C62617DA700021616B /* TopSecretApp.swift */,
				789FC2D72617DA8B0021616B /* Model */,
				789FC2D62617DA840021616B /* View */,
				789FC2D82617DA910021616B /* ViewModel */,
				789FC2CF2617DA720021616B /* Info.plist */,
				62CE5AE326DEE62300AE6ACC /* GoogleService-Info.plist */,
				789FC2CA2617DA720021616B /* Assets.xcassets */,
				789FC2CC2617DA720021616B /* Preview Content */,
			);
			path = TopSecret;
			sourceTree = "<group>";
		};
		789FC2CC2617DA720021616B /* Preview Content */ = {
			isa = PBXGroup;
			children = (
				789FC2CD2617DA720021616B /* Preview Assets.xcassets */,
			);
			path = "Preview Content";
			sourceTree = "<group>";
		};
		789FC2D62617DA840021616B /* View */ = {
			isa = PBXGroup;
			children = (
				78B8DFEB26E4624F00C99DAD /* Settings */,
				78D1A75026DEFE1E0083FE2C /* Groups */,
				78D1A74926DEF00C0083FE2C /* Cells */,
				78D1A73F26DEDD7E0083FE2C /* Tabs */,
				78D1A72326DE99040083FE2C /* Register */,
				7887ADEE26267F5C00D9FC21 /* Login */,
			);
			path = View;
			sourceTree = "<group>";
		};
		789FC2D72617DA8B0021616B /* Model */ = {
			isa = PBXGroup;
			children = (
				789FC2F72618B9FC0021616B /* UserModel.swift */,
				78D1A75826DEFE750083FE2C /* GroupModel.swift */,
			);
			path = Model;
			sourceTree = "<group>";
		};
		789FC2D82617DA910021616B /* ViewModel */ = {
			isa = PBXGroup;
			children = (
				78B8DD9126CDBCFF00E8FE00 /* UserAuthViewModel.swift */,
				78A321D826D951390025E37A /* Email-PhoneRegisterCombine.swift */,
				78D1A75526DEFE4F0083FE2C /* GroupViewModel.swift */,
				629710FD26E567C300A90E61 /* UploadPostViewModel.swift */,
				629710FF26E5681500A90E61 /* HomeScreenViewModel.swift */,
			);
			path = ViewModel;
			sourceTree = "<group>";
		};
		789FC2FD2618BAF50021616B /* Utilities */ = {
			isa = PBXGroup;
			children = (
				6297110326E6CB6000A90E61 /* Protocols */,
				62901199267B747300A226EF /* Views */,
				78B8DD9526CDC08100E8FE00 /* Constants.swift */,
			);
			path = Utilities;
			sourceTree = "<group>";
		};
		78B8DFEB26E4624F00C99DAD /* Settings */ = {
			isa = PBXGroup;
			children = (
				78B8DFEC26E4626000C99DAD /* SettingsMenuView.swift */,
			);
			path = Settings;
			sourceTree = "<group>";
		};
		78D1A72326DE99040083FE2C /* Register */ = {
			isa = PBXGroup;
			children = (
				78A61F1D26BB19F700671021 /* RegisterEmailView.swift */,
				78D1A72026DE98CA0083FE2C /* RegisterPhoneView.swift */,
				78D1A72526DE9B360083FE2C /* EnterCode.swift */,
				78D1A72D26DEA1590083FE2C /* CreateUsername.swift */,
				78D1A73026DEC3D50083FE2C /* EnterFullName.swift */,
				78D1A73326DEC56F0083FE2C /* EnterBirthday.swift */,
				78D1A73626DEC6050083FE2C /* CreatePassword.swift */,
			);
			path = Register;
			sourceTree = "<group>";
		};
		78D1A73F26DEDD7E0083FE2C /* Tabs */ = {
			isa = PBXGroup;
			children = (
				78B2379426DD159100052E69 /* ContentView.swift */,
				62CE5AD826DEE43F00AE6ACC /* Tabs (temp) */,
			);
			path = Tabs;
			sourceTree = "<group>";
		};
		78D1A74026DEDED50083FE2C /* ChatTab */ = {
			isa = PBXGroup;
			children = (
				78D1A74126DEDF320083FE2C /* MessageListView.swift */,
				78D1A75C26DF16D50083FE2C /* ChatView.swift */,
			);
			path = ChatTab;
			sourceTree = "<group>";
		};
		78D1A74926DEF00C0083FE2C /* Cells */ = {
			isa = PBXGroup;
			children = (
				78D1A74A26DEF08F0083FE2C /* ChatListCell.swift */,
			);
			path = Cells;
			sourceTree = "<group>";
		};
		78D1A75026DEFE1E0083FE2C /* Groups */ = {
			isa = PBXGroup;
			children = (
				78D1A75126DEFE370083FE2C /* CreateGroupView.swift */,
			);
			path = Groups;
			sourceTree = "<group>";
		};
/* End PBXGroup section */

/* Begin PBXNativeTarget section */
		789FC2C22617DA700021616B /* TopSecret */ = {
			isa = PBXNativeTarget;
			buildConfigurationList = 789FC2D22617DA720021616B /* Build configuration list for PBXNativeTarget "TopSecret" */;
			buildPhases = (
				789FC2BF2617DA700021616B /* Sources */,
				789FC2C02617DA700021616B /* Frameworks */,
				789FC2C12617DA700021616B /* Resources */,
			);
			buildRules = (
			);
			dependencies = (
			);
			name = TopSecret;
			packageProductDependencies = (
				789FC2E22617DCC80021616B /* FirebaseFirestore */,
				789FC2E42617DCC80021616B /* FirebaseDatabase */,
				789FC2E62617DCC80021616B /* FirebaseAnalytics */,
				789FC2E82617DCC80021616B /* FirebaseStorage */,
				789FC2EA2617DCC80021616B /* FirebaseFunctions */,
				789FC2EC2617DCC80021616B /* FirebaseAuth */,
				789FC2EE2617DCC80021616B /* FirebaseMessaging */,
			);
			productName = TopSecret;
			productReference = 789FC2C32617DA700021616B /* TopSecret.app */;
			productType = "com.apple.product-type.application";
		};
/* End PBXNativeTarget section */

/* Begin PBXProject section */
		789FC2BB2617DA700021616B /* Project object */ = {
			isa = PBXProject;
			attributes = {
				LastSwiftUpdateCheck = 1240;
				LastUpgradeCheck = 1240;
				TargetAttributes = {
					789FC2C22617DA700021616B = {
						CreatedOnToolsVersion = 12.4;
					};
				};
			};
			buildConfigurationList = 789FC2BE2617DA700021616B /* Build configuration list for PBXProject "TopSecret" */;
			compatibilityVersion = "Xcode 12.0";
			developmentRegion = en;
			hasScannedForEncodings = 0;
			knownRegions = (
				en,
				Base,
			);
			mainGroup = 789FC2BA2617DA700021616B;
			packageReferences = (
				789FC2E12617DCC80021616B /* XCRemoteSwiftPackageReference "firebase-ios-sdk" */,
			);
			productRefGroup = 789FC2C42617DA700021616B /* Products */;
			projectDirPath = "";
			projectRoot = "";
			targets = (
				789FC2C22617DA700021616B /* TopSecret */,
			);
		};
/* End PBXProject section */

/* Begin PBXResourcesBuildPhase section */
		789FC2C12617DA700021616B /* Resources */ = {
			isa = PBXResourcesBuildPhase;
			buildActionMask = 2147483647;
			files = (
				6290119C267BE56D00A226EF /* Preview Assets.xcassets in Resources */,
				789FC2CB2617DA720021616B /* Assets.xcassets in Resources */,
				62CE5AE426DEE62300AE6ACC /* GoogleService-Info.plist in Resources */,
			);
			runOnlyForDeploymentPostprocessing = 0;
		};
/* End PBXResourcesBuildPhase section */

/* Begin PBXSourcesBuildPhase section */
		789FC2BF2617DA700021616B /* Sources */ = {
			isa = PBXSourcesBuildPhase;
			buildActionMask = 2147483647;
			files = (
				78A61F1B26BB12BC00671021 /* CustomTextField.swift in Sources */,
				78D1A74226DEDF320083FE2C /* MessageListView.swift in Sources */,
				78D1A73426DEC56F0083FE2C /* EnterBirthday.swift in Sources */,
				62CE5ADA26DEE44E00AE6ACC /* VotingView.swift in Sources */,
				78D1A75D26DF16D50083FE2C /* ChatView.swift in Sources */,
				78D1A75226DEFE370083FE2C /* CreateGroupView.swift in Sources */,
				62CE5ADC26DEE45600AE6ACC /* EventView.swift in Sources */,
				78D1A72126DE98CA0083FE2C /* RegisterPhoneView.swift in Sources */,
				78A61F1E26BB19F700671021 /* RegisterEmailView.swift in Sources */,
				6297110026E5681500A90E61 /* HomeScreenViewModel.swift in Sources */,
				6297110526E6CB7000A90E61 /* KeyboardReadable.swift in Sources */,
				62CE5AE226DEE48600AE6ACC /* HomeScreenView.swift in Sources */,
				78D1A75926DEFE750083FE2C /* GroupModel.swift in Sources */,
				78A61F0D26B9B79800671021 /* LoginView.swift in Sources */,
				6297110226E5688C00A90E61 /* TextArea.swift in Sources */,
				629710FA26E563E400A90E61 /* FullScreenPostView.swift in Sources */,
				629710FC26E5662E00A90E61 /* PostViewFilterOptions.swift in Sources */,
				789FC2F82618B9FC0021616B /* UserModel.swift in Sources */,
				78D1A73726DEC6050083FE2C /* CreatePassword.swift in Sources */,
				78B8DFED26E4626000C99DAD /* SettingsMenuView.swift in Sources */,
				78D1A74B26DEF08F0083FE2C /* ChatListCell.swift in Sources */,
				78A321D926D951390025E37A /* Email-PhoneRegisterCombine.swift in Sources */,
				78A61F2526BB1C7C00671021 /* ForgotPasswordView.swift in Sources */,
				789FC2C72617DA700021616B /* TopSecretApp.swift in Sources */,
				78D1A72626DE9B360083FE2C /* EnterCode.swift in Sources */,
				78B2379526DD159100052E69 /* ContentView.swift in Sources */,
				78D1A73126DEC3D50083FE2C /* EnterFullName.swift in Sources */,
				78D1A72E26DEA1590083FE2C /* CreateUsername.swift in Sources */,
				78D1A74E26DEF0BD0083FE2C /* TabToolbarItemView.swift in Sources */,
				78B8DD9226CDBCFF00E8FE00 /* UserAuthViewModel.swift in Sources */,
				62CE5ADE26DEE46000AE6ACC /* AddContentView.swift in Sources */,
				78B8DD9626CDC08100E8FE00 /* Constants.swift in Sources */,
				78D1A75626DEFE4F0083FE2C /* GroupViewModel.swift in Sources */,
				629710FE26E567C300A90E61 /* UploadPostViewModel.swift in Sources */,
			);
			runOnlyForDeploymentPostprocessing = 0;
		};
/* End PBXSourcesBuildPhase section */

/* Begin XCBuildConfiguration section */
		789FC2D02617DA720021616B /* Debug */ = {
			isa = XCBuildConfiguration;
			buildSettings = {
				ALWAYS_SEARCH_USER_PATHS = NO;
				CLANG_ANALYZER_NONNULL = YES;
				CLANG_ANALYZER_NUMBER_OBJECT_CONVERSION = YES_AGGRESSIVE;
				CLANG_CXX_LANGUAGE_STANDARD = "gnu++14";
				CLANG_CXX_LIBRARY = "libc++";
				CLANG_ENABLE_MODULES = YES;
				CLANG_ENABLE_OBJC_ARC = YES;
				CLANG_ENABLE_OBJC_WEAK = YES;
				CLANG_WARN_BLOCK_CAPTURE_AUTORELEASING = YES;
				CLANG_WARN_BOOL_CONVERSION = YES;
				CLANG_WARN_COMMA = YES;
				CLANG_WARN_CONSTANT_CONVERSION = YES;
				CLANG_WARN_DEPRECATED_OBJC_IMPLEMENTATIONS = YES;
				CLANG_WARN_DIRECT_OBJC_ISA_USAGE = YES_ERROR;
				CLANG_WARN_DOCUMENTATION_COMMENTS = YES;
				CLANG_WARN_EMPTY_BODY = YES;
				CLANG_WARN_ENUM_CONVERSION = YES;
				CLANG_WARN_INFINITE_RECURSION = YES;
				CLANG_WARN_INT_CONVERSION = YES;
				CLANG_WARN_NON_LITERAL_NULL_CONVERSION = YES;
				CLANG_WARN_OBJC_IMPLICIT_RETAIN_SELF = YES;
				CLANG_WARN_OBJC_LITERAL_CONVERSION = YES;
				CLANG_WARN_OBJC_ROOT_CLASS = YES_ERROR;
				CLANG_WARN_QUOTED_INCLUDE_IN_FRAMEWORK_HEADER = YES;
				CLANG_WARN_RANGE_LOOP_ANALYSIS = YES;
				CLANG_WARN_STRICT_PROTOTYPES = YES;
				CLANG_WARN_SUSPICIOUS_MOVE = YES;
				CLANG_WARN_UNGUARDED_AVAILABILITY = YES_AGGRESSIVE;
				CLANG_WARN_UNREACHABLE_CODE = YES;
				CLANG_WARN__DUPLICATE_METHOD_MATCH = YES;
				COPY_PHASE_STRIP = NO;
				DEBUG_INFORMATION_FORMAT = dwarf;
				ENABLE_STRICT_OBJC_MSGSEND = YES;
				ENABLE_TESTABILITY = YES;
				GCC_C_LANGUAGE_STANDARD = gnu11;
				GCC_DYNAMIC_NO_PIC = NO;
				GCC_NO_COMMON_BLOCKS = YES;
				GCC_OPTIMIZATION_LEVEL = 0;
				GCC_PREPROCESSOR_DEFINITIONS = (
					"DEBUG=1",
					"$(inherited)",
				);
				GCC_WARN_64_TO_32_BIT_CONVERSION = YES;
				GCC_WARN_ABOUT_RETURN_TYPE = YES_ERROR;
				GCC_WARN_UNDECLARED_SELECTOR = YES;
				GCC_WARN_UNINITIALIZED_AUTOS = YES_AGGRESSIVE;
				GCC_WARN_UNUSED_FUNCTION = YES;
				GCC_WARN_UNUSED_VARIABLE = YES;
				IPHONEOS_DEPLOYMENT_TARGET = 14.4;
				MTL_ENABLE_DEBUG_INFO = INCLUDE_SOURCE;
				MTL_FAST_MATH = YES;
				ONLY_ACTIVE_ARCH = YES;
				SDKROOT = iphoneos;
				SWIFT_ACTIVE_COMPILATION_CONDITIONS = DEBUG;
				SWIFT_OPTIMIZATION_LEVEL = "-Onone";
			};
			name = Debug;
		};
		789FC2D12617DA720021616B /* Release */ = {
			isa = XCBuildConfiguration;
			buildSettings = {
				ALWAYS_SEARCH_USER_PATHS = NO;
				CLANG_ANALYZER_NONNULL = YES;
				CLANG_ANALYZER_NUMBER_OBJECT_CONVERSION = YES_AGGRESSIVE;
				CLANG_CXX_LANGUAGE_STANDARD = "gnu++14";
				CLANG_CXX_LIBRARY = "libc++";
				CLANG_ENABLE_MODULES = YES;
				CLANG_ENABLE_OBJC_ARC = YES;
				CLANG_ENABLE_OBJC_WEAK = YES;
				CLANG_WARN_BLOCK_CAPTURE_AUTORELEASING = YES;
				CLANG_WARN_BOOL_CONVERSION = YES;
				CLANG_WARN_COMMA = YES;
				CLANG_WARN_CONSTANT_CONVERSION = YES;
				CLANG_WARN_DEPRECATED_OBJC_IMPLEMENTATIONS = YES;
				CLANG_WARN_DIRECT_OBJC_ISA_USAGE = YES_ERROR;
				CLANG_WARN_DOCUMENTATION_COMMENTS = YES;
				CLANG_WARN_EMPTY_BODY = YES;
				CLANG_WARN_ENUM_CONVERSION = YES;
				CLANG_WARN_INFINITE_RECURSION = YES;
				CLANG_WARN_INT_CONVERSION = YES;
				CLANG_WARN_NON_LITERAL_NULL_CONVERSION = YES;
				CLANG_WARN_OBJC_IMPLICIT_RETAIN_SELF = YES;
				CLANG_WARN_OBJC_LITERAL_CONVERSION = YES;
				CLANG_WARN_OBJC_ROOT_CLASS = YES_ERROR;
				CLANG_WARN_QUOTED_INCLUDE_IN_FRAMEWORK_HEADER = YES;
				CLANG_WARN_RANGE_LOOP_ANALYSIS = YES;
				CLANG_WARN_STRICT_PROTOTYPES = YES;
				CLANG_WARN_SUSPICIOUS_MOVE = YES;
				CLANG_WARN_UNGUARDED_AVAILABILITY = YES_AGGRESSIVE;
				CLANG_WARN_UNREACHABLE_CODE = YES;
				CLANG_WARN__DUPLICATE_METHOD_MATCH = YES;
				COPY_PHASE_STRIP = NO;
				DEBUG_INFORMATION_FORMAT = "dwarf-with-dsym";
				ENABLE_NS_ASSERTIONS = NO;
				ENABLE_STRICT_OBJC_MSGSEND = YES;
				GCC_C_LANGUAGE_STANDARD = gnu11;
				GCC_NO_COMMON_BLOCKS = YES;
				GCC_WARN_64_TO_32_BIT_CONVERSION = YES;
				GCC_WARN_ABOUT_RETURN_TYPE = YES_ERROR;
				GCC_WARN_UNDECLARED_SELECTOR = YES;
				GCC_WARN_UNINITIALIZED_AUTOS = YES_AGGRESSIVE;
				GCC_WARN_UNUSED_FUNCTION = YES;
				GCC_WARN_UNUSED_VARIABLE = YES;
				IPHONEOS_DEPLOYMENT_TARGET = 14.4;
				MTL_ENABLE_DEBUG_INFO = NO;
				MTL_FAST_MATH = YES;
				SDKROOT = iphoneos;
				SWIFT_COMPILATION_MODE = wholemodule;
				SWIFT_OPTIMIZATION_LEVEL = "-O";
				VALIDATE_PRODUCT = YES;
			};
			name = Release;
		};
		789FC2D32617DA720021616B /* Debug */ = {
			isa = XCBuildConfiguration;
			buildSettings = {
				ASSETCATALOG_COMPILER_APPICON_NAME = AppIcon;
				ASSETCATALOG_COMPILER_GLOBAL_ACCENT_COLOR_NAME = AccentColor;
				CODE_SIGN_STYLE = Automatic;
				DEVELOPMENT_ASSET_PATHS = "\"TopSecret/Preview Content\"";
				DEVELOPMENT_TEAM = D6T45X447L;
				ENABLE_PREVIEWS = YES;
				INFOPLIST_FILE = TopSecret/Info.plist;
				IPHONEOS_DEPLOYMENT_TARGET = 14.0;
				LD_RUNPATH_SEARCH_PATHS = (
					"$(inherited)",
					"@executable_path/Frameworks",
				);
				PRODUCT_BUNDLE_IDENTIFIER = bruceblake.TopSecret;
				PRODUCT_NAME = "$(TARGET_NAME)";
				SWIFT_VERSION = 5.0;
				TARGETED_DEVICE_FAMILY = "1,2";
			};
			name = Debug;
		};
		789FC2D42617DA720021616B /* Release */ = {
			isa = XCBuildConfiguration;
			buildSettings = {
				ASSETCATALOG_COMPILER_APPICON_NAME = AppIcon;
				ASSETCATALOG_COMPILER_GLOBAL_ACCENT_COLOR_NAME = AccentColor;
				CODE_SIGN_STYLE = Automatic;
				DEVELOPMENT_ASSET_PATHS = "\"TopSecret/Preview Content\"";
				DEVELOPMENT_TEAM = D6T45X447L;
				ENABLE_PREVIEWS = YES;
				INFOPLIST_FILE = TopSecret/Info.plist;
				IPHONEOS_DEPLOYMENT_TARGET = 14.0;
				LD_RUNPATH_SEARCH_PATHS = (
					"$(inherited)",
					"@executable_path/Frameworks",
				);
				PRODUCT_BUNDLE_IDENTIFIER = bruceblake.TopSecret;
				PRODUCT_NAME = "$(TARGET_NAME)";
				SWIFT_VERSION = 5.0;
				TARGETED_DEVICE_FAMILY = "1,2";
			};
			name = Release;
		};
/* End XCBuildConfiguration section */

/* Begin XCConfigurationList section */
		789FC2BE2617DA700021616B /* Build configuration list for PBXProject "TopSecret" */ = {
			isa = XCConfigurationList;
			buildConfigurations = (
				789FC2D02617DA720021616B /* Debug */,
				789FC2D12617DA720021616B /* Release */,
			);
			defaultConfigurationIsVisible = 0;
			defaultConfigurationName = Release;
		};
		789FC2D22617DA720021616B /* Build configuration list for PBXNativeTarget "TopSecret" */ = {
			isa = XCConfigurationList;
			buildConfigurations = (
				789FC2D32617DA720021616B /* Debug */,
				789FC2D42617DA720021616B /* Release */,
			);
			defaultConfigurationIsVisible = 0;
			defaultConfigurationName = Release;
		};
/* End XCConfigurationList section */

/* Begin XCRemoteSwiftPackageReference section */
		789FC2E12617DCC80021616B /* XCRemoteSwiftPackageReference "firebase-ios-sdk" */ = {
			isa = XCRemoteSwiftPackageReference;
			repositoryURL = "https://github.com/firebase/firebase-ios-sdk.git";
			requirement = {
				kind = upToNextMajorVersion;
				minimumVersion = 7.9.1;
			};
		};
/* End XCRemoteSwiftPackageReference section */

/* Begin XCSwiftPackageProductDependency section */
		789FC2E22617DCC80021616B /* FirebaseFirestore */ = {
			isa = XCSwiftPackageProductDependency;
			package = 789FC2E12617DCC80021616B /* XCRemoteSwiftPackageReference "firebase-ios-sdk" */;
			productName = FirebaseFirestore;
		};
		789FC2E42617DCC80021616B /* FirebaseDatabase */ = {
			isa = XCSwiftPackageProductDependency;
			package = 789FC2E12617DCC80021616B /* XCRemoteSwiftPackageReference "firebase-ios-sdk" */;
			productName = FirebaseDatabase;
		};
		789FC2E62617DCC80021616B /* FirebaseAnalytics */ = {
			isa = XCSwiftPackageProductDependency;
			package = 789FC2E12617DCC80021616B /* XCRemoteSwiftPackageReference "firebase-ios-sdk" */;
			productName = FirebaseAnalytics;
		};
		789FC2E82617DCC80021616B /* FirebaseStorage */ = {
			isa = XCSwiftPackageProductDependency;
			package = 789FC2E12617DCC80021616B /* XCRemoteSwiftPackageReference "firebase-ios-sdk" */;
			productName = FirebaseStorage;
		};
		789FC2EA2617DCC80021616B /* FirebaseFunctions */ = {
			isa = XCSwiftPackageProductDependency;
			package = 789FC2E12617DCC80021616B /* XCRemoteSwiftPackageReference "firebase-ios-sdk" */;
			productName = FirebaseFunctions;
		};
		789FC2EC2617DCC80021616B /* FirebaseAuth */ = {
			isa = XCSwiftPackageProductDependency;
			package = 789FC2E12617DCC80021616B /* XCRemoteSwiftPackageReference "firebase-ios-sdk" */;
			productName = FirebaseAuth;
		};
		789FC2EE2617DCC80021616B /* FirebaseMessaging */ = {
			isa = XCSwiftPackageProductDependency;
			package = 789FC2E12617DCC80021616B /* XCRemoteSwiftPackageReference "firebase-ios-sdk" */;
			productName = FirebaseMessaging;
		};
/* End XCSwiftPackageProductDependency section */
	};
	rootObject = 789FC2BB2617DA700021616B /* Project object */;
}
